
Microsoft Visual Studio Solution File, Format Version 12.00
Project("{FAE04EC0-301F-11D3-BF4B-00C04F79EFBC}") = "Setup", "Setup\Setup.csproj", "{CC1E5646-ED09-477A-BFC9-60EBC23765E4}"
EndProject
Project("{FAE04EC0-301F-11D3-BF4B-00C04F79EFBC}") = "Common", "Common\Common.csproj", "{61C0BC62-9F6A-4BF2-B1F3-551FF1792EC4}"
EndProject
Project("{2150E333-8FDC-42A3-9474-1A3956D46DE8}") = "test", "test", "{82AC6CC0-DB7F-4B02-8D5A-F9DF0A43F0D8}"
EndProject
Project("{2150E333-8FDC-42A3-9474-1A3956D46DE8}") = "src", "src", "{E8FFD48F-D6FF-4AE2-AB87-3BA598FBFAD5}"
EndProject
Project("{FAE04EC0-301F-11D3-BF4B-00C04F79EFBC}") = "Common.UnitTests", "Common.UnitTests\Common.UnitTests.csproj", "{ED4B59CD-756F-4BC3-965A-B7E7682E9B79}"
EndProject
Project("{FAE04EC0-301F-11D3-BF4B-00C04F79EFBC}") = "TACPN", "TACPN\TACPN.csproj", "{A1F7CE7D-29DD-4704-A10E-C9DD22A0BCD3}"
EndProject
Project("{FAE04EC0-301F-11D3-BF4B-00C04F79EFBC}") = "TACPN.IntegrationTests", "TACPN.IntegrationTests\TACPN.IntegrationTests.csproj", "{335C54E9-1E48-4533-B97E-FA642AD7F295}"
EndProject
Project("{FAE04EC0-301F-11D3-BF4B-00C04F79EFBC}") = "Fixtures", "Fixtures\Fixtures.csproj", "{34D95F3B-6A45-4819-A7A0-082773D0613A}"
EndProject
Project("{FAE04EC0-301F-11D3-BF4B-00C04F79EFBC}") = "Common.IntegrationTests", "Common.IntegrationTests\Common.IntegrationTests.csproj", "{753F011E-872C-4317-B369-E8728B702FB3}"
EndProject
Project("{FAE04EC0-301F-11D3-BF4B-00C04F79EFBC}") = "TapaalParser", "TapaalParser\TapaalParser.csproj", "{23084704-A0FE-44B1-AEA3-D21A2C1E4D1A}"
EndProject
Project("{FAE04EC0-301F-11D3-BF4B-00C04F79EFBC}") = "TapaalParser.IntegrationTests", "TapaalParser.IntegrationTests\TapaalParser.IntegrationTests.csproj", "{A04E43E3-6DA5-4B5F-A742-B4B8C2CB2693}"
EndProject
Project("{FAE04EC0-301F-11D3-BF4B-00C04F79EFBC}") = "TapaalParser.UnitTests", "TapaalParser.UnitTests\TapaalParser.UnitTests.csproj", "{0BEBCA24-39AC-43A1-BD76-508A37DE0102}"
EndProject
Project("{FAE04EC0-301F-11D3-BF4B-00C04F79EFBC}") = "ConsoleApp", "ConsoleApp\ConsoleApp.csproj", "{62E6E25B-853B-4568-BBAF-5429D9687AEB}"
EndProject
Project("{FAE04EC0-301F-11D3-BF4B-00C04F79EFBC}") = "Xml", "Xml\Xml.csproj", "{BF2B301C-03EF-4F6E-866B-329238D29C7C}"
EndProject
Global
	GlobalSection(SolutionConfigurationPlatforms) = preSolution
		Debug|Any CPU = Debug|Any CPU
		Release|Any CPU = Release|Any CPU
	EndGlobalSection
	GlobalSection(ProjectConfigurationPlatforms) = postSolution
		{CC1E5646-ED09-477A-BFC9-60EBC23765E4}.Debug|Any CPU.ActiveCfg = Debug|Any CPU
		{CC1E5646-ED09-477A-BFC9-60EBC23765E4}.Debug|Any CPU.Build.0 = Debug|Any CPU
		{CC1E5646-ED09-477A-BFC9-60EBC23765E4}.Release|Any CPU.ActiveCfg = Release|Any CPU
		{CC1E5646-ED09-477A-BFC9-60EBC23765E4}.Release|Any CPU.Build.0 = Release|Any CPU
		{61C0BC62-9F6A-4BF2-B1F3-551FF1792EC4}.Debug|Any CPU.ActiveCfg = Debug|Any CPU
		{61C0BC62-9F6A-4BF2-B1F3-551FF1792EC4}.Debug|Any CPU.Build.0 = Debug|Any CPU
		{61C0BC62-9F6A-4BF2-B1F3-551FF1792EC4}.Release|Any CPU.ActiveCfg = Release|Any CPU
		{61C0BC62-9F6A-4BF2-B1F3-551FF1792EC4}.Release|Any CPU.Build.0 = Release|Any CPU
		{ED4B59CD-756F-4BC3-965A-B7E7682E9B79}.Debug|Any CPU.ActiveCfg = Debug|Any CPU
		{ED4B59CD-756F-4BC3-965A-B7E7682E9B79}.Debug|Any CPU.Build.0 = Debug|Any CPU
		{ED4B59CD-756F-4BC3-965A-B7E7682E9B79}.Release|Any CPU.ActiveCfg = Release|Any CPU
		{ED4B59CD-756F-4BC3-965A-B7E7682E9B79}.Release|Any CPU.Build.0 = Release|Any CPU
		{A1F7CE7D-29DD-4704-A10E-C9DD22A0BCD3}.Debug|Any CPU.ActiveCfg = Debug|Any CPU
		{A1F7CE7D-29DD-4704-A10E-C9DD22A0BCD3}.Debug|Any CPU.Build.0 = Debug|Any CPU
		{A1F7CE7D-29DD-4704-A10E-C9DD22A0BCD3}.Release|Any CPU.ActiveCfg = Release|Any CPU
		{A1F7CE7D-29DD-4704-A10E-C9DD22A0BCD3}.Release|Any CPU.Build.0 = Release|Any CPU
		{335C54E9-1E48-4533-B97E-FA642AD7F295}.Debug|Any CPU.ActiveCfg = Debug|Any CPU
		{335C54E9-1E48-4533-B97E-FA642AD7F295}.Debug|Any CPU.Build.0 = Debug|Any CPU
		{335C54E9-1E48-4533-B97E-FA642AD7F295}.Release|Any CPU.ActiveCfg = Release|Any CPU
		{335C54E9-1E48-4533-B97E-FA642AD7F295}.Release|Any CPU.Build.0 = Release|Any CPU
		{34D95F3B-6A45-4819-A7A0-082773D0613A}.Debug|Any CPU.ActiveCfg = Debug|Any CPU
		{34D95F3B-6A45-4819-A7A0-082773D0613A}.Debug|Any CPU.Build.0 = Debug|Any CPU
		{34D95F3B-6A45-4819-A7A0-082773D0613A}.Release|Any CPU.ActiveCfg = Release|Any CPU
		{34D95F3B-6A45-4819-A7A0-082773D0613A}.Release|Any CPU.Build.0 = Release|Any CPU
		{753F011E-872C-4317-B369-E8728B702FB3}.Debug|Any CPU.ActiveCfg = Debug|Any CPU
		{753F011E-872C-4317-B369-E8728B702FB3}.Debug|Any CPU.Build.0 = Debug|Any CPU
		{753F011E-872C-4317-B369-E8728B702FB3}.Release|Any CPU.ActiveCfg = Release|Any CPU
		{753F011E-872C-4317-B369-E8728B702FB3}.Release|Any CPU.Build.0 = Release|Any CPU
		{23084704-A0FE-44B1-AEA3-D21A2C1E4D1A}.Debug|Any CPU.ActiveCfg = Debug|Any CPU
		{23084704-A0FE-44B1-AEA3-D21A2C1E4D1A}.Debug|Any CPU.Build.0 = Debug|Any CPU
		{23084704-A0FE-44B1-AEA3-D21A2C1E4D1A}.Release|Any CPU.ActiveCfg = Release|Any CPU
		{23084704-A0FE-44B1-AEA3-D21A2C1E4D1A}.Release|Any CPU.Build.0 = Release|Any CPU
		{A04E43E3-6DA5-4B5F-A742-B4B8C2CB2693}.Debug|Any CPU.ActiveCfg = Debug|Any CPU
		{A04E43E3-6DA5-4B5F-A742-B4B8C2CB2693}.Debug|Any CPU.Build.0 = Debug|Any CPU
		{A04E43E3-6DA5-4B5F-A742-B4B8C2CB2693}.Release|Any CPU.ActiveCfg = Release|Any CPU
		{A04E43E3-6DA5-4B5F-A742-B4B8C2CB2693}.Release|Any CPU.Build.0 = Release|Any CPU
		{0BEBCA24-39AC-43A1-BD76-508A37DE0102}.Debug|Any CPU.ActiveCfg = Debug|Any CPU
		{0BEBCA24-39AC-43A1-BD76-508A37DE0102}.Debug|Any CPU.Build.0 = Debug|Any CPU
		{0BEBCA24-39AC-43A1-BD76-508A37DE0102}.Release|Any CPU.ActiveCfg = Release|Any CPU
		{0BEBCA24-39AC-43A1-BD76-508A37DE0102}.Release|Any CPU.Build.0 = Release|Any CPU
		{62E6E25B-853B-4568-BBAF-5429D9687AEB}.Debug|Any CPU.ActiveCfg = Debug|Any CPU
		{62E6E25B-853B-4568-BBAF-5429D9687AEB}.Debug|Any CPU.Build.0 = Debug|Any CPU
		{62E6E25B-853B-4568-BBAF-5429D9687AEB}.Release|Any CPU.ActiveCfg = Release|Any CPU
		{62E6E25B-853B-4568-BBAF-5429D9687AEB}.Release|Any CPU.Build.0 = Release|Any CPU
		{BF2B301C-03EF-4F6E-866B-329238D29C7C}.Debug|Any CPU.ActiveCfg = Debug|Any CPU
		{BF2B301C-03EF-4F6E-866B-329238D29C7C}.Debug|Any CPU.Build.0 = Debug|Any CPU
		{BF2B301C-03EF-4F6E-866B-329238D29C7C}.Release|Any CPU.ActiveCfg = Release|Any CPU
		{BF2B301C-03EF-4F6E-866B-329238D29C7C}.Release|Any CPU.Build.0 = Release|Any CPU
	EndGlobalSection
	GlobalSection(NestedProjects) = preSolution
		{61C0BC62-9F6A-4BF2-B1F3-551FF1792EC4} = {E8FFD48F-D6FF-4AE2-AB87-3BA598FBFAD5}
		{CC1E5646-ED09-477A-BFC9-60EBC23765E4} = {E8FFD48F-D6FF-4AE2-AB87-3BA598FBFAD5}
		{ED4B59CD-756F-4BC3-965A-B7E7682E9B79} = {82AC6CC0-DB7F-4B02-8D5A-F9DF0A43F0D8}
		{A1F7CE7D-29DD-4704-A10E-C9DD22A0BCD3} = {E8FFD48F-D6FF-4AE2-AB87-3BA598FBFAD5}
		{335C54E9-1E48-4533-B97E-FA642AD7F295} = {82AC6CC0-DB7F-4B02-8D5A-F9DF0A43F0D8}
		{34D95F3B-6A45-4819-A7A0-082773D0613A} = {82AC6CC0-DB7F-4B02-8D5A-F9DF0A43F0D8}
		{753F011E-872C-4317-B369-E8728B702FB3} = {82AC6CC0-DB7F-4B02-8D5A-F9DF0A43F0D8}
		{23084704-A0FE-44B1-AEA3-D21A2C1E4D1A} = {E8FFD48F-D6FF-4AE2-AB87-3BA598FBFAD5}
		{A04E43E3-6DA5-4B5F-A742-B4B8C2CB2693} = {82AC6CC0-DB7F-4B02-8D5A-F9DF0A43F0D8}
		{0BEBCA24-39AC-43A1-BD76-508A37DE0102} = {82AC6CC0-DB7F-4B02-8D5A-F9DF0A43F0D8}
		{BF2B301C-03EF-4F6E-866B-329238D29C7C} = {E8FFD48F-D6FF-4AE2-AB87-3BA598FBFAD5}
	EndGlobalSection
EndGlobal
